
Microsoft Visual Studio Solution File, Format Version 12.00
# Visual Studio Version 17
VisualStudioVersion = 17.3.32825.248
MinimumVisualStudioVersion = 10.0.40219.1
Project("{FAE04EC0-301F-11D3-BF4B-00C04F79EFBC}") = "Task14WeatherApp", "Task14WeatherApp\Task14WeatherApp.csproj", "{54A64269-8B1D-4976-8B4F-18A77CE1D480}"
EndProject
Global
	GlobalSection(SolutionConfigurationPlatforms) = preSolution
		Debug|Any CPU = Debug|Any CPU
		Release|Any CPU = Release|Any CPU
	EndGlobalSection
	GlobalSection(ProjectConfigurationPlatforms) = postSolution
		{54A64269-8B1D-4976-8B4F-18A77CE1D480}.Debug|Any CPU.ActiveCfg = Debug|Any CPU
		{54A64269-8B1D-4976-8B4F-18A77CE1D480}.Debug|Any CPU.Build.0 = Debug|Any CPU
		{54A64269-8B1D-4976-8B4F-18A77CE1D480}.Release|Any CPU.ActiveCfg = Release|Any CPU
		{54A64269-8B1D-4976-8B4F-18A77CE1D480}.Release|Any CPU.Build.0 = Release|Any CPU
	EndGlobalSection
	GlobalSection(SolutionProperties) = preSolution
		HideSolutionNode = FALSE
	EndGlobalSection
	GlobalSection(ExtensibilityGlobals) = postSolution
		SolutionGuid = {8FB99B60-C761-4A38-8682-B4689B9E3F90}
	EndGlobalSection
EndGlobal
