
Microsoft Visual Studio Solution File, Format Version 12.00
# Visual Studio Version 17
VisualStudioVersion = 17.10.35122.118
MinimumVisualStudioVersion = 10.0.40219.1
Project("{FAE04EC0-301F-11D3-BF4B-00C04F79EFBC}") = "Task24SocialMediaLinks", "Task24SocialMediaLinks\Task24SocialMediaLinks.csproj", "{A19BB8E9-8D15-4862-A79C-F54808CB3ADB}"
EndProject
Global
	GlobalSection(SolutionConfigurationPlatforms) = preSolution
		Debug|Any CPU = Debug|Any CPU
		Release|Any CPU = Release|Any CPU
	EndGlobalSection
	GlobalSection(ProjectConfigurationPlatforms) = postSolution
		{A19BB8E9-8D15-4862-A79C-F54808CB3ADB}.Debug|Any CPU.ActiveCfg = Debug|Any CPU
		{A19BB8E9-8D15-4862-A79C-F54808CB3ADB}.Debug|Any CPU.Build.0 = Debug|Any CPU
		{A19BB8E9-8D15-4862-A79C-F54808CB3ADB}.Release|Any CPU.ActiveCfg = Release|Any CPU
		{A19BB8E9-8D15-4862-A79C-F54808CB3ADB}.Release|Any CPU.Build.0 = Release|Any CPU
	EndGlobalSection
	GlobalSection(SolutionProperties) = preSolution
		HideSolutionNode = FALSE
	EndGlobalSection
	GlobalSection(ExtensibilityGlobals) = postSolution
		SolutionGuid = {81FEE1E8-9D0D-4B09-907A-9B78ED3FC973}
	EndGlobalSection
EndGlobal
